
Microsoft Visual Studio Solution File, Format Version 12.00
# Visual Studio Version 16
VisualStudioVersion = 16.0.30204.135
MinimumVisualStudioVersion = 10.0.40219.1
Project("{FAE04EC0-301F-11D3-BF4B-00C04F79EFBC}") = "WindowsFormsApp4", "WindowsFormsApp4.csproj", "{D7B860DD-F90A-488F-8DE8-3E1B1394D7A6}"
EndProject
Global
	GlobalSection(SolutionConfigurationPlatforms) = preSolution
		Debug|Any CPU = Debug|Any CPU
		Release|Any CPU = Release|Any CPU
	EndGlobalSection
	GlobalSection(ProjectConfigurationPlatforms) = postSolution
		{D7B860DD-F90A-488F-8DE8-3E1B1394D7A6}.Debug|Any CPU.ActiveCfg = Debug|Any CPU
		{D7B860DD-F90A-488F-8DE8-3E1B1394D7A6}.Debug|Any CPU.Build.0 = Debug|Any CPU
		{D7B860DD-F90A-488F-8DE8-3E1B1394D7A6}.Release|Any CPU.ActiveCfg = Release|Any CPU
		{D7B860DD-F90A-488F-8DE8-3E1B1394D7A6}.Release|Any CPU.Build.0 = Release|Any CPU
	EndGlobalSection
	GlobalSection(SolutionProperties) = preSolution
		HideSolutionNode = FALSE
	EndGlobalSection
	GlobalSection(ExtensibilityGlobals) = postSolution
		SolutionGuid = {4F52604F-2681-4BDD-86B1-16A944373B96}
	EndGlobalSection
EndGlobal
